{
  "name": "cities",
  "version": "1.0.0",
  "lockfileVersion": 1,
  "requires": true,
  "dependencies": {
    "@lmeikle/calculate-distance-util": {
      "version": "3.0.4",
      "resolved": "https://registry.npmjs.org/@lmeikle/calculate-distance-util/-/calculate-distance-util-3.0.4.tgz",
      "integrity": "sha512-ts7PKJShEdX0hkuCLJGss8Kodgl4uHA6UjlvURvtzCRjUy1lk7gny2yXglak8+vG4nV43o76t5PyhUMIuKG6Bw=="
    },
    "all-the-cities": {
      "version": "2.0.1",
      "resolved": "https://registry.npmjs.org/all-the-cities/-/all-the-cities-2.0.1.tgz",
      "integrity": "sha512-vr3XJzxToVEg0my2ZYodtU88HyQW5gwc1nLzRqCM8wfOtYXZvDGgPzctHzx+ja0UDrgAX3iddvucciaoGgSs+g==",
      "requires": {
        "pbf": "^3.0.5"
      }
    },
    "amonad": {
      "version": "0.8.5",
      "resolved": "https://registry.npmjs.org/amonad/-/amonad-0.8.5.tgz",
      "integrity": "sha512-hYpGf2bGIxUF+TaR/xt7k1FXi5roNA553xfTXZO07AMK4PXjAphIK0f9XjdSwNUHG0ZDzavOSB6RaF3KzTgtEg==",
      "requires": {
        "tslib": "^1.9.3"
      }
    },
    "distance-from": {
      "version": "1.1.1",
      "resolved": "https://registry.npmjs.org/distance-from/-/distance-from-1.1.1.tgz",
      "integrity": "sha512-dN3NiVcgyiUaIbwIssKPAGs8THgVFb78ExaWf+yFi6Vj4qIZzYpk3WEPHJFmuhWHeTKjCnEuNiY1f4U0UqAnBg==",
      "requires": {
        "amonad": "^0.8.2"
      }
    },
    "haversine": {
      "version": "1.1.1",
      "resolved": "https://registry.npmjs.org/haversine/-/haversine-1.1.1.tgz",
      "integrity": "sha512-KW4MS8+krLIeiw8bF5z532CptG0ZyGGFj0UbKMxx25lKnnJ1hMUbuzQl+PXQjNiDLnl1bOyz23U6hSK10r4guw=="
    },
    "ieee754": {
      "version": "1.1.13",
      "resolved": "https://registry.npmjs.org/ieee754/-/ieee754-1.1.13.tgz",
      "integrity": "sha512-4vf7I2LYV/HaWerSo3XmlMkp5eZ83i+/CDluXi/IGTs/O1sejBNhTtnxzmRZfvOUqj7lZjqHkeTvpgSFDlWZTg=="
    },
    "pbf": {
      "version": "3.2.1",
      "resolved": "https://registry.npmjs.org/pbf/-/pbf-3.2.1.tgz",
      "integrity": "sha512-ClrV7pNOn7rtmoQVF4TS1vyU0WhYRnP92fzbfF75jAIwpnzdJXf8iTd4CMEqO4yUenH6NDqLiwjqlh6QgZzgLQ==",
      "requires": {
        "ieee754": "^1.1.12",
        "resolve-protobuf-schema": "^2.1.0"
      }
    },
    "protocol-buffers-schema": {
      "version": "3.3.2",
      "resolved": "https://registry.npmjs.org/protocol-buffers-schema/-/protocol-buffers-schema-3.3.2.tgz",
      "integrity": "sha512-Xdayp8sB/mU+sUV4G7ws8xtYMGdQnxbeIfLjyO9TZZRJdztBGhlmbI5x1qcY4TG5hBkIKGnc28i7nXxaugu88w=="
    },
    "resolve-protobuf-schema": {
      "version": "2.1.0",
      "resolved": "https://registry.npmjs.org/resolve-protobuf-schema/-/resolve-protobuf-schema-2.1.0.tgz",
      "integrity": "sha512-kI5ffTiZWmJaS/huM8wZfEMer1eRd7oJQhDuxeCLe3t7N7mX3z94CN0xPxBQxFYQTSNz9T0i+v6inKqSdK8xrQ==",
      "requires": {
        "protocol-buffers-schema": "^3.3.1"
      }
    },
    "tslib": {
      "version": "1.10.0",
      "resolved": "https://registry.npmjs.org/tslib/-/tslib-1.10.0.tgz",
      "integrity": "sha512-qOebF53frne81cf0S9B41ByenJ3/IuH8yJKngAX35CmiZySA0khhkovshKK+jGCaMnVomla7gVlIcc3EvKPbTQ=="
    }
  }
}
